
Microsoft Visual Studio Solution File, Format Version 12.00
# Visual Studio Version 17
VisualStudioVersion = 17.5.33530.505
MinimumVisualStudioVersion = 10.0.40219.1
Project("{FAE04EC0-301F-11D3-BF4B-00C04F79EFBC}") = "IT_Project", "IT_Project\IT_Project.csproj", "{EE792890-E586-409B-95FB-1A68321F6073}"
EndProject
Global
	GlobalSection(SolutionConfigurationPlatforms) = preSolution
		Debug|Any CPU = Debug|Any CPU
		Release|Any CPU = Release|Any CPU
	EndGlobalSection
	GlobalSection(ProjectConfigurationPlatforms) = postSolution
		{EE792890-E586-409B-95FB-1A68321F6073}.Debug|Any CPU.ActiveCfg = Debug|Any CPU
		{EE792890-E586-409B-95FB-1A68321F6073}.Debug|Any CPU.Build.0 = Debug|Any CPU
		{EE792890-E586-409B-95FB-1A68321F6073}.Release|Any CPU.ActiveCfg = Release|Any CPU
		{EE792890-E586-409B-95FB-1A68321F6073}.Release|Any CPU.Build.0 = Release|Any CPU
	EndGlobalSection
	GlobalSection(SolutionProperties) = preSolution
		HideSolutionNode = FALSE
	EndGlobalSection
	GlobalSection(ExtensibilityGlobals) = postSolution
		SolutionGuid = {C0D56C70-16CD-4A24-A296-4394DED831D6}
	EndGlobalSection
EndGlobal
